schema: '2.0'
stages:
  train_model:
    cmd: python3 train.py
    deps:
    - path: train.py
      hash: md5
      md5: 4551b04e4732310321ed17c5c3b9f6c1
      size: 442
    outs:
    - path: models/model.pkl
      hash: md5
      md5: e1d163eed66a133191d9dadfb20a6347
      size: 604
  test_model:
    cmd: python3 test.py
    deps:
    - path: models/model.pkl
      hash: md5
      md5: e1d163eed66a133191d9dadfb20a6347
      size: 604
    - path: test.py
      hash: md5
      md5: 58ce1f793a6d182ed720db9e23f08bb5
      size: 509
    outs:
    - path: metrics.json
      hash: md5
      md5: 85156896c48454aeb813282fdfc9880c
      size: 43
